
Microsoft Visual Studio Solution File, Format Version 12.00
# Visual Studio Version 17
VisualStudioVersion = 17.3.32929.385
MinimumVisualStudioVersion = 10.0.40219.1
Project("{FAE04EC0-301F-11D3-BF4B-00C04F79EFBC}") = "IdentityServer.AuthServer", "IdentityServer.AuthServer\IdentityServer.AuthServer.csproj", "{D7864A26-8984-4CB3-81FE-CCB5F7A37C4E}"
EndProject
Project("{FAE04EC0-301F-11D3-BF4B-00C04F79EFBC}") = "IdentityServer.Client1", "IdentityServer.Client1\IdentityServer.Client1.csproj", "{A3E42FD6-A7E7-4A67-8335-98EDECE17B6D}"
EndProject
Project("{FAE04EC0-301F-11D3-BF4B-00C04F79EFBC}") = "IdentityServer.Client2", "IdentityServer.Client2\IdentityServer.Client2.csproj", "{A10DB723-F24B-4993-8E4C-109FBC32E127}"
EndProject
Project("{FAE04EC0-301F-11D3-BF4B-00C04F79EFBC}") = "IdentityServer.API1", "IdentityServer.API1\IdentityServer.API1.csproj", "{8AB461A7-6BB7-4C6A-820A-860536606F28}"
EndProject
Project("{FAE04EC0-301F-11D3-BF4B-00C04F79EFBC}") = "IdentityServer.API2", "IdentityServer.API2\IdentityServer.API2.csproj", "{735D52C1-1AF4-4104-800B-5779B14958A6}"
EndProject
Project("{2150E333-8FDC-42A3-9474-1A3956D46DE8}") = "Solution Items", "Solution Items", "{4D6DD0B9-1610-4FB2-9705-BA5929C674B7}"
	ProjectSection(SolutionItems) = preProject
		Ports.txt = Ports.txt
	EndProjectSection
EndProject
Global
	GlobalSection(SolutionConfigurationPlatforms) = preSolution
		Debug|Any CPU = Debug|Any CPU
		Release|Any CPU = Release|Any CPU
	EndGlobalSection
	GlobalSection(ProjectConfigurationPlatforms) = postSolution
		{D7864A26-8984-4CB3-81FE-CCB5F7A37C4E}.Debug|Any CPU.ActiveCfg = Debug|Any CPU
		{D7864A26-8984-4CB3-81FE-CCB5F7A37C4E}.Debug|Any CPU.Build.0 = Debug|Any CPU
		{D7864A26-8984-4CB3-81FE-CCB5F7A37C4E}.Release|Any CPU.ActiveCfg = Release|Any CPU
		{D7864A26-8984-4CB3-81FE-CCB5F7A37C4E}.Release|Any CPU.Build.0 = Release|Any CPU
		{A3E42FD6-A7E7-4A67-8335-98EDECE17B6D}.Debug|Any CPU.ActiveCfg = Debug|Any CPU
		{A3E42FD6-A7E7-4A67-8335-98EDECE17B6D}.Debug|Any CPU.Build.0 = Debug|Any CPU
		{A3E42FD6-A7E7-4A67-8335-98EDECE17B6D}.Release|Any CPU.ActiveCfg = Release|Any CPU
		{A3E42FD6-A7E7-4A67-8335-98EDECE17B6D}.Release|Any CPU.Build.0 = Release|Any CPU
		{A10DB723-F24B-4993-8E4C-109FBC32E127}.Debug|Any CPU.ActiveCfg = Debug|Any CPU
		{A10DB723-F24B-4993-8E4C-109FBC32E127}.Debug|Any CPU.Build.0 = Debug|Any CPU
		{A10DB723-F24B-4993-8E4C-109FBC32E127}.Release|Any CPU.ActiveCfg = Release|Any CPU
		{A10DB723-F24B-4993-8E4C-109FBC32E127}.Release|Any CPU.Build.0 = Release|Any CPU
		{8AB461A7-6BB7-4C6A-820A-860536606F28}.Debug|Any CPU.ActiveCfg = Debug|Any CPU
		{8AB461A7-6BB7-4C6A-820A-860536606F28}.Debug|Any CPU.Build.0 = Debug|Any CPU
		{8AB461A7-6BB7-4C6A-820A-860536606F28}.Release|Any CPU.ActiveCfg = Release|Any CPU
		{8AB461A7-6BB7-4C6A-820A-860536606F28}.Release|Any CPU.Build.0 = Release|Any CPU
		{735D52C1-1AF4-4104-800B-5779B14958A6}.Debug|Any CPU.ActiveCfg = Debug|Any CPU
		{735D52C1-1AF4-4104-800B-5779B14958A6}.Debug|Any CPU.Build.0 = Debug|Any CPU
		{735D52C1-1AF4-4104-800B-5779B14958A6}.Release|Any CPU.ActiveCfg = Release|Any CPU
		{735D52C1-1AF4-4104-800B-5779B14958A6}.Release|Any CPU.Build.0 = Release|Any CPU
	EndGlobalSection
	GlobalSection(SolutionProperties) = preSolution
		HideSolutionNode = FALSE
	EndGlobalSection
	GlobalSection(ExtensibilityGlobals) = postSolution
		SolutionGuid = {57488600-AE7A-4EBD-80CD-140A552DAAAA}
	EndGlobalSection
EndGlobal
